
Microsoft Visual Studio Solution File, Format Version 12.00
# Visual Studio Version 16
VisualStudioVersion = 16.0.30002.166
MinimumVisualStudioVersion = 10.0.40219.1
Project("{FAE04EC0-301F-11D3-BF4B-00C04F79EFBC}") = "assignment3For158212", "assignment3For158212.csproj", "{A7BDE54F-6DE6-4630-81F4-B971E931BD93}"
EndProject
Global
	GlobalSection(SolutionConfigurationPlatforms) = preSolution
		Debug|Any CPU = Debug|Any CPU
		Release|Any CPU = Release|Any CPU
	EndGlobalSection
	GlobalSection(ProjectConfigurationPlatforms) = postSolution
		{A7BDE54F-6DE6-4630-81F4-B971E931BD93}.Debug|Any CPU.ActiveCfg = Debug|Any CPU
		{A7BDE54F-6DE6-4630-81F4-B971E931BD93}.Debug|Any CPU.Build.0 = Debug|Any CPU
		{A7BDE54F-6DE6-4630-81F4-B971E931BD93}.Release|Any CPU.ActiveCfg = Release|Any CPU
		{A7BDE54F-6DE6-4630-81F4-B971E931BD93}.Release|Any CPU.Build.0 = Release|Any CPU
	EndGlobalSection
	GlobalSection(SolutionProperties) = preSolution
		HideSolutionNode = FALSE
	EndGlobalSection
	GlobalSection(ExtensibilityGlobals) = postSolution
		SolutionGuid = {2F538663-1BDE-4CAF-B052-B25118C23DDE}
	EndGlobalSection
EndGlobal
